
Microsoft Visual Studio Solution File, Format Version 12.00
# Visual Studio Version 17
VisualStudioVersion = 17.7.34009.444
MinimumVisualStudioVersion = 10.0.40219.1
Project("{FAE04EC0-301F-11D3-BF4B-00C04F79EFBC}") = "Assignment2", "Assignment2\Assignment2.csproj", "{D61A8943-2CA3-489F-8D32-A734640DB9DB}"
EndProject
Global
	GlobalSection(SolutionConfigurationPlatforms) = preSolution
		Debug|Any CPU = Debug|Any CPU
		Release|Any CPU = Release|Any CPU
	EndGlobalSection
	GlobalSection(ProjectConfigurationPlatforms) = postSolution
		{D61A8943-2CA3-489F-8D32-A734640DB9DB}.Debug|Any CPU.ActiveCfg = Debug|Any CPU
		{D61A8943-2CA3-489F-8D32-A734640DB9DB}.Debug|Any CPU.Build.0 = Debug|Any CPU
		{D61A8943-2CA3-489F-8D32-A734640DB9DB}.Release|Any CPU.ActiveCfg = Release|Any CPU
		{D61A8943-2CA3-489F-8D32-A734640DB9DB}.Release|Any CPU.Build.0 = Release|Any CPU
	EndGlobalSection
	GlobalSection(SolutionProperties) = preSolution
		HideSolutionNode = FALSE
	EndGlobalSection
	GlobalSection(ExtensibilityGlobals) = postSolution
		SolutionGuid = {E566A738-ACB8-4EBA-9B4D-7AB1862BD7F4}
	EndGlobalSection
EndGlobal
