
Microsoft Visual Studio Solution File, Format Version 12.00
# Visual Studio Version 17
VisualStudioVersion = 17.7.34009.444
MinimumVisualStudioVersion = 10.0.40219.1
Project("{FAE04EC0-301F-11D3-BF4B-00C04F79EFBC}") = "Assignment0 Ref Keyword", "Assignment0 Ref Keyword\Assignment0 Ref Keyword.csproj", "{F2E5A9E3-E4CE-4BB1-83BF-8FA8DE22FD1F}"
EndProject
Global
	GlobalSection(SolutionConfigurationPlatforms) = preSolution
		Debug|Any CPU = Debug|Any CPU
		Release|Any CPU = Release|Any CPU
	EndGlobalSection
	GlobalSection(ProjectConfigurationPlatforms) = postSolution
		{F2E5A9E3-E4CE-4BB1-83BF-8FA8DE22FD1F}.Debug|Any CPU.ActiveCfg = Debug|Any CPU
		{F2E5A9E3-E4CE-4BB1-83BF-8FA8DE22FD1F}.Debug|Any CPU.Build.0 = Debug|Any CPU
		{F2E5A9E3-E4CE-4BB1-83BF-8FA8DE22FD1F}.Release|Any CPU.ActiveCfg = Release|Any CPU
		{F2E5A9E3-E4CE-4BB1-83BF-8FA8DE22FD1F}.Release|Any CPU.Build.0 = Release|Any CPU
	EndGlobalSection
	GlobalSection(SolutionProperties) = preSolution
		HideSolutionNode = FALSE
	EndGlobalSection
	GlobalSection(ExtensibilityGlobals) = postSolution
		SolutionGuid = {D857095E-ED59-457F-B32C-E372C395EB73}
	EndGlobalSection
EndGlobal
