
Microsoft Visual Studio Solution File, Format Version 12.00
# Visual Studio Version 17
VisualStudioVersion = 17.7.34009.444
MinimumVisualStudioVersion = 10.0.40219.1
Project("{FAE04EC0-301F-11D3-BF4B-00C04F79EFBC}") = "FHP.UI", "FHP.UI\FHP.UI.csproj", "{B7CB026E-6A81-447C-A4E0-9CD550D6B06F}"
EndProject
Project("{FAE04EC0-301F-11D3-BF4B-00C04F79EFBC}") = "FHP.VO", "FHP.VO\FHP.VO.csproj", "{E58A34F5-E059-46AD-82C0-6DCEB65B27F0}"
EndProject
Project("{FAE04EC0-301F-11D3-BF4B-00C04F79EFBC}") = "FHP.BL", "FHP.BL\FHP.BL.csproj", "{5623523B-00E5-480B-AE5A-6D9D30DF56A7}"
EndProject
Project("{FAE04EC0-301F-11D3-BF4B-00C04F79EFBC}") = "FHP.DL", "FHP.DL\FHP.DL.csproj", "{67216B6F-5F82-4E8F-A0D0-757315B1D861}"
EndProject
Project("{FAE04EC0-301F-11D3-BF4B-00C04F79EFBC}") = "FHP.RES", "FHP.RES\FHP.RES.csproj", "{BAA47B4C-5D06-4E37-B487-B1DD3D4D79D8}"
EndProject
Global
	GlobalSection(SolutionConfigurationPlatforms) = preSolution
		Debug|Any CPU = Debug|Any CPU
		Release|Any CPU = Release|Any CPU
	EndGlobalSection
	GlobalSection(ProjectConfigurationPlatforms) = postSolution
		{B7CB026E-6A81-447C-A4E0-9CD550D6B06F}.Debug|Any CPU.ActiveCfg = Debug|Any CPU
		{B7CB026E-6A81-447C-A4E0-9CD550D6B06F}.Debug|Any CPU.Build.0 = Debug|Any CPU
		{B7CB026E-6A81-447C-A4E0-9CD550D6B06F}.Release|Any CPU.ActiveCfg = Release|Any CPU
		{B7CB026E-6A81-447C-A4E0-9CD550D6B06F}.Release|Any CPU.Build.0 = Release|Any CPU
		{E58A34F5-E059-46AD-82C0-6DCEB65B27F0}.Debug|Any CPU.ActiveCfg = Debug|Any CPU
		{E58A34F5-E059-46AD-82C0-6DCEB65B27F0}.Debug|Any CPU.Build.0 = Debug|Any CPU
		{E58A34F5-E059-46AD-82C0-6DCEB65B27F0}.Release|Any CPU.ActiveCfg = Release|Any CPU
		{E58A34F5-E059-46AD-82C0-6DCEB65B27F0}.Release|Any CPU.Build.0 = Release|Any CPU
		{5623523B-00E5-480B-AE5A-6D9D30DF56A7}.Debug|Any CPU.ActiveCfg = Debug|Any CPU
		{5623523B-00E5-480B-AE5A-6D9D30DF56A7}.Debug|Any CPU.Build.0 = Debug|Any CPU
		{5623523B-00E5-480B-AE5A-6D9D30DF56A7}.Release|Any CPU.ActiveCfg = Release|Any CPU
		{5623523B-00E5-480B-AE5A-6D9D30DF56A7}.Release|Any CPU.Build.0 = Release|Any CPU
		{67216B6F-5F82-4E8F-A0D0-757315B1D861}.Debug|Any CPU.ActiveCfg = Debug|Any CPU
		{67216B6F-5F82-4E8F-A0D0-757315B1D861}.Debug|Any CPU.Build.0 = Debug|Any CPU
		{67216B6F-5F82-4E8F-A0D0-757315B1D861}.Release|Any CPU.ActiveCfg = Release|Any CPU
		{67216B6F-5F82-4E8F-A0D0-757315B1D861}.Release|Any CPU.Build.0 = Release|Any CPU
		{BAA47B4C-5D06-4E37-B487-B1DD3D4D79D8}.Debug|Any CPU.ActiveCfg = Debug|Any CPU
		{BAA47B4C-5D06-4E37-B487-B1DD3D4D79D8}.Debug|Any CPU.Build.0 = Debug|Any CPU
		{BAA47B4C-5D06-4E37-B487-B1DD3D4D79D8}.Release|Any CPU.ActiveCfg = Release|Any CPU
		{BAA47B4C-5D06-4E37-B487-B1DD3D4D79D8}.Release|Any CPU.Build.0 = Release|Any CPU
	EndGlobalSection
	GlobalSection(SolutionProperties) = preSolution
		HideSolutionNode = FALSE
	EndGlobalSection
	GlobalSection(ExtensibilityGlobals) = postSolution
		SolutionGuid = {A95B96F8-0EB3-4859-92F7-C8F0D12FF093}
	EndGlobalSection
EndGlobal
